
Microsoft Visual Studio Solution File, Format Version 12.00
# Visual Studio 15
VisualStudioVersion = 15.0.28307.2092
MinimumVisualStudioVersion = 10.0.40219.1
Project("{FAE04EC0-301F-11D3-BF4B-00C04F79EFBC}") = "Deck52", "Deck52\Deck52.csproj", "{919358D1-2043-484A-A911-AB3B327BEDAE}"
EndProject
Global
	GlobalSection(SolutionConfigurationPlatforms) = preSolution
		Debug|Any CPU = Debug|Any CPU
		Release|Any CPU = Release|Any CPU
	EndGlobalSection
	GlobalSection(ProjectConfigurationPlatforms) = postSolution
		{919358D1-2043-484A-A911-AB3B327BEDAE}.Debug|Any CPU.ActiveCfg = Debug|Any CPU
		{919358D1-2043-484A-A911-AB3B327BEDAE}.Debug|Any CPU.Build.0 = Debug|Any CPU
		{919358D1-2043-484A-A911-AB3B327BEDAE}.Release|Any CPU.ActiveCfg = Release|Any CPU
		{919358D1-2043-484A-A911-AB3B327BEDAE}.Release|Any CPU.Build.0 = Release|Any CPU
	EndGlobalSection
	GlobalSection(SolutionProperties) = preSolution
		HideSolutionNode = FALSE
	EndGlobalSection
	GlobalSection(ExtensibilityGlobals) = postSolution
		SolutionGuid = {E9444C83-C474-4AD6-8A33-E24A679E1DCF}
	EndGlobalSection
EndGlobal
